
Microsoft Visual Studio Solution File, Format Version 12.00
# Visual Studio Version 17
VisualStudioVersion = 17.3.32929.385
MinimumVisualStudioVersion = 10.0.40219.1
Project("{FAE04EC0-301F-11D3-BF4B-00C04F79EFBC}") = "meuprojeto", "meuprojeto\meuprojeto.csproj", "{398CE7FA-6730-4624-8615-C0E35BA9D247}"
EndProject
Global
	GlobalSection(SolutionConfigurationPlatforms) = preSolution
		Debug|Any CPU = Debug|Any CPU
		Release|Any CPU = Release|Any CPU
	EndGlobalSection
	GlobalSection(ProjectConfigurationPlatforms) = postSolution
		{398CE7FA-6730-4624-8615-C0E35BA9D247}.Debug|Any CPU.ActiveCfg = Debug|Any CPU
		{398CE7FA-6730-4624-8615-C0E35BA9D247}.Debug|Any CPU.Build.0 = Debug|Any CPU
		{398CE7FA-6730-4624-8615-C0E35BA9D247}.Release|Any CPU.ActiveCfg = Release|Any CPU
		{398CE7FA-6730-4624-8615-C0E35BA9D247}.Release|Any CPU.Build.0 = Release|Any CPU
	EndGlobalSection
	GlobalSection(SolutionProperties) = preSolution
		HideSolutionNode = FALSE
	EndGlobalSection
	GlobalSection(ExtensibilityGlobals) = postSolution
		SolutionGuid = {4B1BB29E-4407-42B5-9B28-26988B90876F}
	EndGlobalSection
EndGlobal
